// !$*UTF8*$!
{
	archiveVersion = 1;
	classes = {
	};
	objectVersion = 56;
	objects = {

/* Begin PBXBuildFile section */
		961F716B2942FE6D0041882E /* AppDelegate.swift in Sources */ = {isa = PBXBuildFile; fileRef = 961F716A2942FE6D0041882E /* AppDelegate.swift */; };
		961F716D2942FE6D0041882E /* SceneDelegate.swift in Sources */ = {isa = PBXBuildFile; fileRef = 961F716C2942FE6D0041882E /* SceneDelegate.swift */; };
		961F716F2942FE6D0041882E /* ViewController.swift in Sources */ = {isa = PBXBuildFile; fileRef = 961F716E2942FE6D0041882E /* ViewController.swift */; };
		961F71722942FE6D0041882E /* Main.storyboard in Resources */ = {isa = PBXBuildFile; fileRef = 961F71702942FE6D0041882E /* Main.storyboard */; };
		961F71742942FE6E0041882E /* Assets.xcassets in Resources */ = {isa = PBXBuildFile; fileRef = 961F71732942FE6E0041882E /* Assets.xcassets */; };
		961F71772942FE6E0041882E /* LaunchScreen.storyboard in Resources */ = {isa = PBXBuildFile; fileRef = 961F71752942FE6E0041882E /* LaunchScreen.storyboard */; };
		961F71852943A0150041882E /* Question.swift in Sources */ = {isa = PBXBuildFile; fileRef = 961F71842943A0150041882E /* Question.swift */; };
/* End PBXBuildFile section */

/* Begin PBXFileReference section */
		961F71672942FE6D0041882E /* PersonalQuizNew.app */ = {isa = PBXFileReference; explicitFileType = wrapper.application; includeInIndex = 0; path = PersonalQuizNew.app; sourceTree = BUILT_PRODUCTS_DIR; };
		961F716A2942FE6D0041882E /* AppDelegate.swift */ = {isa = PBXFileReference; lastKnownFileType = sourcecode.swift; path = AppDelegate.swift; sourceTree = "<group>"; };
		961F716C2942FE6D0041882E /* SceneDelegate.swift */ = {isa = PBXFileReference; lastKnownFileType = sourcecode.swift; path = SceneDelegate.swift; sourceTree = "<group>"; };
		961F716E2942FE6D0041882E /* ViewController.swift */ = {isa = PBXFileReference; lastKnownFileType = sourcecode.swift; path = ViewController.swift; sourceTree = "<group>"; };
		961F71712942FE6D0041882E /* Base */ = {isa = PBXFileReference; lastKnownFileType = file.storyboard; name = Base; path = Base.lproj/Main.storyboard; sourceTree = "<group>"; };
		961F71732942FE6E0041882E /* Assets.xcassets */ = {isa = PBXFileReference; lastKnownFileType = folder.assetcatalog; path = Assets.xcassets; sourceTree = "<group>"; };
		961F71762942FE6E0041882E /* Base */ = {isa = PBXFileReference; lastKnownFileType = file.storyboard; name = Base; path = Base.lproj/LaunchScreen.storyboard; sourceTree = "<group>"; };
		961F71782942FE6E0041882E /* Info.plist */ = {isa = PBXFileReference; lastKnownFileType = text.plist.xml; path = Info.plist; sourceTree = "<group>"; };
		961F71842943A0150041882E /* Question.swift */ = {isa = PBXFileReference; lastKnownFileType = sourcecode.swift; path = Question.swift; sourceTree = "<group>"; };
/* End PBXFileReference section */

/* Begin PBXFrameworksBuildPhase section */
		961F71642942FE6D0041882E /* Frameworks */ = {
			isa = PBXFrameworksBuildPhase;
			buildActionMask = 2147483647;
			files = (
			);
			runOnlyForDeploymentPostprocessing = 0;
		};
/* End PBXFrameworksBuildPhase section */

/* Begin PBXGroup section */
		961F715E2942FE6D0041882E = {
			isa = PBXGroup;
			children = (
				961F71692942FE6D0041882E /* PersonalQuizNew */,
				961F71682942FE6D0041882E /* Products */,
			);
			sourceTree = "<group>";
		};
		961F71682942FE6D0041882E /* Products */ = {
			isa = PBXGroup;
			children = (
				961F71672942FE6D0041882E /* PersonalQuizNew.app */,
			);
			name = Products;
			sourceTree = "<group>";
		};
		961F71692942FE6D0041882E /* PersonalQuizNew */ = {
			isa = PBXGroup;
			children = (
				961F717E2942FFCF0041882E /* ViewControllers */,
				961F717F2942FFF60041882E /* Models */,
				961F71802943000A0041882E /* Storyboards */,
				961F7183294300390041882E /* Supporting */,
				961F7181294300210041882E /* Resources */,
			);
			path = PersonalQuizNew;
			sourceTree = "<group>";
		};
		961F717E2942FFCF0041882E /* ViewControllers */ = {
			isa = PBXGroup;
			children = (
				961F716E2942FE6D0041882E /* ViewController.swift */,
			);
			path = ViewControllers;
			sourceTree = "<group>";
		};
		961F717F2942FFF60041882E /* Models */ = {
			isa = PBXGroup;
			children = (
				961F71842943A0150041882E /* Question.swift */,
			);
			path = Models;
			sourceTree = "<group>";
		};
		961F71802943000A0041882E /* Storyboards */ = {
			isa = PBXGroup;
			children = (
				961F71702942FE6D0041882E /* Main.storyboard */,
				961F71752942FE6E0041882E /* LaunchScreen.storyboard */,
			);
			path = Storyboards;
			sourceTree = "<group>";
		};
		961F7181294300210041882E /* Resources */ = {
			isa = PBXGroup;
			children = (
				961F71732942FE6E0041882E /* Assets.xcassets */,
			);
			path = Resources;
			sourceTree = "<group>";
		};
		961F7183294300390041882E /* Supporting */ = {
			isa = PBXGroup;
			children = (
				961F716A2942FE6D0041882E /* AppDelegate.swift */,
				961F716C2942FE6D0041882E /* SceneDelegate.swift */,
				961F71782942FE6E0041882E /* Info.plist */,
			);
			path = Supporting;
			sourceTree = "<group>";
		};
/* End PBXGroup section */

/* Begin PBXNativeTarget section */
		961F71662942FE6D0041882E /* PersonalQuizNew */ = {
			isa = PBXNativeTarget;
			buildConfigurationList = 961F717B2942FE6E0041882E /* Build configuration list for PBXNativeTarget "PersonalQuizNew" */;
			buildPhases = (
				961F71632942FE6D0041882E /* Sources */,
				961F71642942FE6D0041882E /* Frameworks */,
				961F71652942FE6D0041882E /* Resources */,
			);
			buildRules = (
			);
			dependencies = (
			);
			name = PersonalQuizNew;
			productName = PersonalQuizNew;
			productReference = 961F71672942FE6D0041882E /* PersonalQuizNew.app */;
			productType = "com.apple.product-type.application";
		};
/* End PBXNativeTarget section */

/* Begin PBXProject section */
		961F715F2942FE6D0041882E /* Project object */ = {
			isa = PBXProject;
			attributes = {
				BuildIndependentTargetsInParallel = 1;
				LastSwiftUpdateCheck = 1410;
				LastUpgradeCheck = 1410;
				TargetAttributes = {
					961F71662942FE6D0041882E = {
						CreatedOnToolsVersion = 14.1;
					};
				};
			};
			buildConfigurationList = 961F71622942FE6D0041882E /* Build configuration list for PBXProject "PersonalQuizNew" */;
			compatibilityVersion = "Xcode 14.0";
			developmentRegion = en;
			hasScannedForEncodings = 0;
			knownRegions = (
				en,
				Base,
			);
			mainGroup = 961F715E2942FE6D0041882E;
			productRefGroup = 961F71682942FE6D0041882E /* Products */;
			projectDirPath = "";
			projectRoot = "";
			targets = (
				961F71662942FE6D0041882E /* PersonalQuizNew */,
			);
		};
/* End PBXProject section */

/* Begin PBXResourcesBuildPhase section */
		961F71652942FE6D0041882E /* Resources */ = {
			isa = PBXResourcesBuildPhase;
			buildActionMask = 2147483647;
			files = (
				961F71772942FE6E0041882E /* LaunchScreen.storyboard in Resources */,
				961F71742942FE6E0041882E /* Assets.xcassets in Resources */,
				961F71722942FE6D0041882E /* Main.storyboard in Resources */,
			);
			runOnlyForDeploymentPostprocessing = 0;
		};
/* End PBXResourcesBuildPhase section */

/* Begin PBXSourcesBuildPhase section */
		961F71632942FE6D0041882E /* Sources */ = {
			isa = PBXSourcesBuildPhase;
			buildActionMask = 2147483647;
			files = (
				961F716F2942FE6D0041882E /* ViewController.swift in Sources */,
				961F71852943A0150041882E /* Question.swift in Sources */,
				961F716B2942FE6D0041882E /* AppDelegate.swift in Sources */,
				961F716D2942FE6D0041882E /* SceneDelegate.swift in Sources */,
			);
			runOnlyForDeploymentPostprocessing = 0;
		};
/* End PBXSourcesBuildPhase section */

/* Begin PBXVariantGroup section */
		961F71702942FE6D0041882E /* Main.storyboard */ = {
			isa = PBXVariantGroup;
			children = (
				961F71712942FE6D0041882E /* Base */,
			);
			name = Main.storyboard;
			sourceTree = "<group>";
		};
		961F71752942FE6E0041882E /* LaunchScreen.storyboard */ = {
			isa = PBXVariantGroup;
			children = (
				961F71762942FE6E0041882E /* Base */,
			);
			name = LaunchScreen.storyboard;
			sourceTree = "<group>";
		};
/* End PBXVariantGroup section */

/* Begin XCBuildConfiguration section */
		961F71792942FE6E0041882E /* Debug */ = {
			isa = XCBuildConfiguration;
			buildSettings = {
				ALWAYS_SEARCH_USER_PATHS = NO;
				CLANG_ANALYZER_NONNULL = YES;
				CLANG_ANALYZER_NUMBER_OBJECT_CONVERSION = YES_AGGRESSIVE;
				CLANG_CXX_LANGUAGE_STANDARD = "gnu++20";
				CLANG_ENABLE_MODULES = YES;
				CLANG_ENABLE_OBJC_ARC = YES;
				CLANG_ENABLE_OBJC_WEAK = YES;
				CLANG_WARN_BLOCK_CAPTURE_AUTORELEASING = YES;
				CLANG_WARN_BOOL_CONVERSION = YES;
				CLANG_WARN_COMMA = YES;
				CLANG_WARN_CONSTANT_CONVERSION = YES;
				CLANG_WARN_DEPRECATED_OBJC_IMPLEMENTATIONS = YES;
				CLANG_WARN_DIRECT_OBJC_ISA_USAGE = YES_ERROR;
				CLANG_WARN_DOCUMENTATION_COMMENTS = YES;
				CLANG_WARN_EMPTY_BODY = YES;
				CLANG_WARN_ENUM_CONVERSION = YES;
				CLANG_WARN_INFINITE_RECURSION = YES;
				CLANG_WARN_INT_CONVERSION = YES;
				CLANG_WARN_NON_LITERAL_NULL_CONVERSION = YES;
				CLANG_WARN_OBJC_IMPLICIT_RETAIN_SELF = YES;
				CLANG_WARN_OBJC_LITERAL_CONVERSION = YES;
				CLANG_WARN_OBJC_ROOT_CLASS = YES_ERROR;
				CLANG_WARN_QUOTED_INCLUDE_IN_FRAMEWORK_HEADER = YES;
				CLANG_WARN_RANGE_LOOP_ANALYSIS = YES;
				CLANG_WARN_STRICT_PROTOTYPES = YES;
				CLANG_WARN_SUSPICIOUS_MOVE = YES;
				CLANG_WARN_UNGUARDED_AVAILABILITY = YES_AGGRESSIVE;
				CLANG_WARN_UNREACHABLE_CODE = YES;
				CLANG_WARN__DUPLICATE_METHOD_MATCH = YES;
				COPY_PHASE_STRIP = NO;
				DEBUG_INFORMATION_FORMAT = dwarf;
				ENABLE_STRICT_OBJC_MSGSEND = YES;
				ENABLE_TESTABILITY = YES;
				GCC_C_LANGUAGE_STANDARD = gnu11;
				GCC_DYNAMIC_NO_PIC = NO;
				GCC_NO_COMMON_BLOCKS = YES;
				GCC_OPTIMIZATION_LEVEL = 0;
				GCC_PREPROCESSOR_DEFINITIONS = (
					"DEBUG=1",
					"$(inherited)",
				);
				GCC_WARN_64_TO_32_BIT_CONVERSION = YES;
				GCC_WARN_ABOUT_RETURN_TYPE = YES_ERROR;
				GCC_WARN_UNDECLARED_SELECTOR = YES;
				GCC_WARN_UNINITIALIZED_AUTOS = YES_AGGRESSIVE;
				GCC_WARN_UNUSED_FUNCTION = YES;
				GCC_WARN_UNUSED_VARIABLE = YES;
				IPHONEOS_DEPLOYMENT_TARGET = 16.1;
				MTL_ENABLE_DEBUG_INFO = INCLUDE_SOURCE;
				MTL_FAST_MATH = YES;
				ONLY_ACTIVE_ARCH = YES;
				SDKROOT = iphoneos;
				SWIFT_ACTIVE_COMPILATION_CONDITIONS = DEBUG;
				SWIFT_OPTIMIZATION_LEVEL = "-Onone";
			};
			name = Debug;
		};
		961F717A2942FE6E0041882E /* Release */ = {
			isa = XCBuildConfiguration;
			buildSettings = {
				ALWAYS_SEARCH_USER_PATHS = NO;
				CLANG_ANALYZER_NONNULL = YES;
				CLANG_ANALYZER_NUMBER_OBJECT_CONVERSION = YES_AGGRESSIVE;
				CLANG_CXX_LANGUAGE_STANDARD = "gnu++20";
				CLANG_ENABLE_MODULES = YES;
				CLANG_ENABLE_OBJC_ARC = YES;
				CLANG_ENABLE_OBJC_WEAK = YES;
				CLANG_WARN_BLOCK_CAPTURE_AUTORELEASING = YES;
				CLANG_WARN_BOOL_CONVERSION = YES;
				CLANG_WARN_COMMA = YES;
				CLANG_WARN_CONSTANT_CONVERSION = YES;
				CLANG_WARN_DEPRECATED_OBJC_IMPLEMENTATIONS = YES;
				CLANG_WARN_DIRECT_OBJC_ISA_USAGE = YES_ERROR;
				CLANG_WARN_DOCUMENTATION_COMMENTS = YES;
				CLANG_WARN_EMPTY_BODY = YES;
				CLANG_WARN_ENUM_CONVERSION = YES;
				CLANG_WARN_INFINITE_RECURSION = YES;
				CLANG_WARN_INT_CONVERSION = YES;
				CLANG_WARN_NON_LITERAL_NULL_CONVERSION = YES;
				CLANG_WARN_OBJC_IMPLICIT_RETAIN_SELF = YES;
				CLANG_WARN_OBJC_LITERAL_CONVERSION = YES;
				CLANG_WARN_OBJC_ROOT_CLASS = YES_ERROR;
				CLANG_WARN_QUOTED_INCLUDE_IN_FRAMEWORK_HEADER = YES;
				CLANG_WARN_RANGE_LOOP_ANALYSIS = YES;
				CLANG_WARN_STRICT_PROTOTYPES = YES;
				CLANG_WARN_SUSPICIOUS_MOVE = YES;
				CLANG_WARN_UNGUARDED_AVAILABILITY = YES_AGGRESSIVE;
				CLANG_WARN_UNREACHABLE_CODE = YES;
				CLANG_WARN__DUPLICATE_METHOD_MATCH = YES;
				COPY_PHASE_STRIP = NO;
				DEBUG_INFORMATION_FORMAT = "dwarf-with-dsym";
				ENABLE_NS_ASSERTIONS = NO;
				ENABLE_STRICT_OBJC_MSGSEND = YES;
				GCC_C_LANGUAGE_STANDARD = gnu11;
				GCC_NO_COMMON_BLOCKS = YES;
				GCC_WARN_64_TO_32_BIT_CONVERSION = YES;
				GCC_WARN_ABOUT_RETURN_TYPE = YES_ERROR;
				GCC_WARN_UNDECLARED_SELECTOR = YES;
				GCC_WARN_UNINITIALIZED_AUTOS = YES_AGGRESSIVE;
				GCC_WARN_UNUSED_FUNCTION = YES;
				GCC_WARN_UNUSED_VARIABLE = YES;
				IPHONEOS_DEPLOYMENT_TARGET = 16.1;
				MTL_ENABLE_DEBUG_INFO = NO;
				MTL_FAST_MATH = YES;
				SDKROOT = iphoneos;
				SWIFT_COMPILATION_MODE = wholemodule;
				SWIFT_OPTIMIZATION_LEVEL = "-O";
				VALIDATE_PRODUCT = YES;
			};
			name = Release;
		};
		961F717C2942FE6E0041882E /* Debug */ = {
			isa = XCBuildConfiguration;
			buildSettings = {
				ASSETCATALOG_COMPILER_APPICON_NAME = AppIcon;
				ASSETCATALOG_COMPILER_GLOBAL_ACCENT_COLOR_NAME = AccentColor;
				CODE_SIGN_STYLE = Automatic;
				CURRENT_PROJECT_VERSION = 1;
				DEVELOPMENT_TEAM = HW5V2H79D4;
				GENERATE_INFOPLIST_FILE = YES;
				INFOPLIST_FILE = PersonalQuizNew/Supporting/Info.plist;
				INFOPLIST_KEY_UIApplicationSupportsIndirectInputEvents = YES;
				INFOPLIST_KEY_UILaunchStoryboardName = LaunchScreen;
				INFOPLIST_KEY_UIMainStoryboardFile = Main;
				INFOPLIST_KEY_UISupportedInterfaceOrientations = UIInterfaceOrientationPortrait;
				LD_RUNPATH_SEARCH_PATHS = (
					"$(inherited)",
					"@executable_path/Frameworks",
				);
				MARKETING_VERSION = 1.0;
				PRODUCT_BUNDLE_IDENTIFIER = "Sergey-Kosichkin.PersonalQuizNew";
				PRODUCT_NAME = "$(TARGET_NAME)";
				SWIFT_EMIT_LOC_STRINGS = YES;
				SWIFT_VERSION = 5.0;
				TARGETED_DEVICE_FAMILY = "1,2";
			};
			name = Debug;
		};
		961F717D2942FE6E0041882E /* Release */ = {
			isa = XCBuildConfiguration;
			buildSettings = {
				ASSETCATALOG_COMPILER_APPICON_NAME = AppIcon;
				ASSETCATALOG_COMPILER_GLOBAL_ACCENT_COLOR_NAME = AccentColor;
				CODE_SIGN_STYLE = Automatic;
				CURRENT_PROJECT_VERSION = 1;
				DEVELOPMENT_TEAM = HW5V2H79D4;
				GENERATE_INFOPLIST_FILE = YES;
				INFOPLIST_FILE = PersonalQuizNew/Supporting/Info.plist;
				INFOPLIST_KEY_UIApplicationSupportsIndirectInputEvents = YES;
				INFOPLIST_KEY_UILaunchStoryboardName = LaunchScreen;
				INFOPLIST_KEY_UIMainStoryboardFile = Main;
				INFOPLIST_KEY_UISupportedInterfaceOrientations = UIInterfaceOrientationPortrait;
				LD_RUNPATH_SEARCH_PATHS = (
					"$(inherited)",
					"@executable_path/Frameworks",
				);
				MARKETING_VERSION = 1.0;
				PRODUCT_BUNDLE_IDENTIFIER = "Sergey-Kosichkin.PersonalQuizNew";
				PRODUCT_NAME = "$(TARGET_NAME)";
				SWIFT_EMIT_LOC_STRINGS = YES;
				SWIFT_VERSION = 5.0;
				TARGETED_DEVICE_FAMILY = "1,2";
			};
			name = Release;
		};
/* End XCBuildConfiguration section */

/* Begin XCConfigurationList section */
		961F71622942FE6D0041882E /* Build configuration list for PBXProject "PersonalQuizNew" */ = {
			isa = XCConfigurationList;
			buildConfigurations = (
				961F71792942FE6E0041882E /* Debug */,
				961F717A2942FE6E0041882E /* Release */,
			);
			defaultConfigurationIsVisible = 0;
			defaultConfigurationName = Release;
		};
		961F717B2942FE6E0041882E /* Build configuration list for PBXNativeTarget "PersonalQuizNew" */ = {
			isa = XCConfigurationList;
			buildConfigurations = (
				961F717C2942FE6E0041882E /* Debug */,
				961F717D2942FE6E0041882E /* Release */,
			);
			defaultConfigurationIsVisible = 0;
			defaultConfigurationName = Release;
		};
/* End XCConfigurationList section */
	};
	rootObject = 961F715F2942FE6D0041882E /* Project object */;
}
